Console.WriteLine("MELİSA KILIÇ");
Console.WriteLine("Patika nın uzman kadrosu ve tecrübeli eğitmenleri sayesinde yazılım dünyasına hızlı bir şekilde giriş yapabileceğim için burdayım");
Console.WriteLine("Çanakkale Onsekiz Mart Üniversitesi istatistik bölümü mezunuyum yazılımla ilgileniyorum ");
